
Microsoft Visual Studio Solution File, Format Version 12.00
# Visual Studio Version 16
VisualStudioVersion = 16.0.31129.286
MinimumVisualStudioVersion = 10.0.40219.1
Project("{FAE04EC0-301F-11D3-BF4B-00C04F79EFBC}") = "Sentiment_service", "Sentiment_service\Sentiment_service.csproj", "{353B8581-D33C-43D2-A0DA-AA2D8ACDA055}"
EndProject
Global
	GlobalSection(SolutionConfigurationPlatforms) = preSolution
		Debug|Any CPU = Debug|Any CPU
		Release|Any CPU = Release|Any CPU
	EndGlobalSection
	GlobalSection(ProjectConfigurationPlatforms) = postSolution
		{353B8581-D33C-43D2-A0DA-AA2D8ACDA055}.Debug|Any CPU.ActiveCfg = Debug|Any CPU
		{353B8581-D33C-43D2-A0DA-AA2D8ACDA055}.Debug|Any CPU.Build.0 = Debug|Any CPU
		{353B8581-D33C-43D2-A0DA-AA2D8ACDA055}.Release|Any CPU.ActiveCfg = Release|Any CPU
		{353B8581-D33C-43D2-A0DA-AA2D8ACDA055}.Release|Any CPU.Build.0 = Release|Any CPU
	EndGlobalSection
	GlobalSection(SolutionProperties) = preSolution
		HideSolutionNode = FALSE
	EndGlobalSection
	GlobalSection(ExtensibilityGlobals) = postSolution
		SolutionGuid = {EB1F8737-DF28-4590-9943-F6466626E530}
	EndGlobalSection
EndGlobal
